// !$*UTF8*$!
{
	archiveVersion = 1;
	classes = {
	};
	objectVersion = 56;
	objects = {

/* Begin PBXBuildFile section */
		5B0368172ABEDB12001DE41F /* Cities.swift in Sources */ = {isa = PBXBuildFile; fileRef = 5B0368162ABEDB12001DE41F /* Cities.swift */; };
		5B03681A2ABEDCAB001DE41F /* CitiesViewModel.swift in Sources */ = {isa = PBXBuildFile; fileRef = 5B0368192ABEDCAB001DE41F /* CitiesViewModel.swift */; };
		5B8D66A62AB9955700B91E97 /* CoreDataHelper.swift in Sources */ = {isa = PBXBuildFile; fileRef = 5B8D66A52AB9955700B91E97 /* CoreDataHelper.swift */; };
		5BDB503E2ABB33B300181F7A /* StateCityView.swift in Sources */ = {isa = PBXBuildFile; fileRef = 5BDB503D2ABB33B300181F7A /* StateCityView.swift */; };
		5BDB50402ABC1B0300181F7A /* SplashScreenView.swift in Sources */ = {isa = PBXBuildFile; fileRef = 5BDB503F2ABC1B0300181F7A /* SplashScreenView.swift */; };
		5BDB50462ABC29B100181F7A /* Network.swift in Sources */ = {isa = PBXBuildFile; fileRef = 5BDB50452ABC29B100181F7A /* Network.swift */; };
		AF39E2AF2AB98238009F96D4 /* CoreData_SwiftUIApp.swift in Sources */ = {isa = PBXBuildFile; fileRef = AF39E2AE2AB98238009F96D4 /* CoreData_SwiftUIApp.swift */; };
		AF39E2B12AB98238009F96D4 /* CollegeFromView.swift in Sources */ = {isa = PBXBuildFile; fileRef = AF39E2B02AB98238009F96D4 /* CollegeFromView.swift */; };
		AF39E2B32AB9823B009F96D4 /* Assets.xcassets in Resources */ = {isa = PBXBuildFile; fileRef = AF39E2B22AB9823B009F96D4 /* Assets.xcassets */; };
		AF39E2B62AB9823B009F96D4 /* Preview Assets.xcassets in Resources */ = {isa = PBXBuildFile; fileRef = AF39E2B52AB9823B009F96D4 /* Preview Assets.xcassets */; };
		AF39E2B82AB9823B009F96D4 /* Persistence.swift in Sources */ = {isa = PBXBuildFile; fileRef = AF39E2B72AB9823B009F96D4 /* Persistence.swift */; };
		AF39E2BB2AB9823B009F96D4 /* CoreData_SwiftUI.xcdatamodeld in Sources */ = {isa = PBXBuildFile; fileRef = AF39E2B92AB9823B009F96D4 /* CoreData_SwiftUI.xcdatamodeld */; };
/* End PBXBuildFile section */

/* Begin PBXFileReference section */
		5B0368162ABEDB12001DE41F /* Cities.swift */ = {isa = PBXFileReference; lastKnownFileType = sourcecode.swift; path = Cities.swift; sourceTree = "<group>"; };
		5B0368192ABEDCAB001DE41F /* CitiesViewModel.swift */ = {isa = PBXFileReference; lastKnownFileType = sourcecode.swift; path = CitiesViewModel.swift; sourceTree = "<group>"; };
		5B8D66A52AB9955700B91E97 /* CoreDataHelper.swift */ = {isa = PBXFileReference; lastKnownFileType = sourcecode.swift; path = CoreDataHelper.swift; sourceTree = "<group>"; };
		5BDB503D2ABB33B300181F7A /* StateCityView.swift */ = {isa = PBXFileReference; lastKnownFileType = sourcecode.swift; path = StateCityView.swift; sourceTree = "<group>"; };
		5BDB503F2ABC1B0300181F7A /* SplashScreenView.swift */ = {isa = PBXFileReference; lastKnownFileType = sourcecode.swift; path = SplashScreenView.swift; sourceTree = "<group>"; };
		5BDB50452ABC29B100181F7A /* Network.swift */ = {isa = PBXFileReference; lastKnownFileType = sourcecode.swift; path = Network.swift; sourceTree = "<group>"; };
		AF39E2AB2AB98238009F96D4 /* CoreData-SwiftUI.app */ = {isa = PBXFileReference; explicitFileType = wrapper.application; includeInIndex = 0; path = "CoreData-SwiftUI.app"; sourceTree = BUILT_PRODUCTS_DIR; };
		AF39E2AE2AB98238009F96D4 /* CoreData_SwiftUIApp.swift */ = {isa = PBXFileReference; lastKnownFileType = sourcecode.swift; path = CoreData_SwiftUIApp.swift; sourceTree = "<group>"; };
		AF39E2B02AB98238009F96D4 /* CollegeFromView.swift */ = {isa = PBXFileReference; lastKnownFileType = sourcecode.swift; path = CollegeFromView.swift; sourceTree = "<group>"; };
		AF39E2B22AB9823B009F96D4 /* Assets.xcassets */ = {isa = PBXFileReference; lastKnownFileType = folder.assetcatalog; path = Assets.xcassets; sourceTree = "<group>"; };
		AF39E2B52AB9823B009F96D4 /* Preview Assets.xcassets */ = {isa = PBXFileReference; lastKnownFileType = folder.assetcatalog; path = "Preview Assets.xcassets"; sourceTree = "<group>"; };
		AF39E2B72AB9823B009F96D4 /* Persistence.swift */ = {isa = PBXFileReference; lastKnownFileType = sourcecode.swift; path = Persistence.swift; sourceTree = "<group>"; };
		AF39E2BA2AB9823B009F96D4 /* CoreData_SwiftUI.xcdatamodel */ = {isa = PBXFileReference; lastKnownFileType = wrapper.xcdatamodel; path = CoreData_SwiftUI.xcdatamodel; sourceTree = "<group>"; };
		AF39E2C12AB98367009F96D4 /* Info.plist */ = {isa = PBXFileReference; lastKnownFileType = text.plist; path = Info.plist; sourceTree = "<group>"; };
/* End PBXFileReference section */

/* Begin PBXFrameworksBuildPhase section */
		AF39E2A82AB98238009F96D4 /* Frameworks */ = {
			isa = PBXFrameworksBuildPhase;
			buildActionMask = 2147483647;
			files = (
			);
			runOnlyForDeploymentPostprocessing = 0;
		};
/* End PBXFrameworksBuildPhase section */

/* Begin PBXGroup section */
		5B0368152ABEDAE1001DE41F /* Model */ = {
			isa = PBXGroup;
			children = (
				5B0368162ABEDB12001DE41F /* Cities.swift */,
			);
			path = Model;
			sourceTree = "<group>";
		};
		5B0368182ABEDC9B001DE41F /* ViewModel */ = {
			isa = PBXGroup;
			children = (
				5B0368192ABEDCAB001DE41F /* CitiesViewModel.swift */,
			);
			path = ViewModel;
			sourceTree = "<group>";
		};
		5B8D66A42AB9953900B91E97 /* CoreData */ = {
			isa = PBXGroup;
			children = (
				AF39E2B92AB9823B009F96D4 /* CoreData_SwiftUI.xcdatamodeld */,
				5B8D66A52AB9955700B91E97 /* CoreDataHelper.swift */,
				AF39E2B72AB9823B009F96D4 /* Persistence.swift */,
			);
			path = CoreData;
			sourceTree = "<group>";
		};
		5BDB50442ABC29AA00181F7A /* API */ = {
			isa = PBXGroup;
			children = (
				5BDB50452ABC29B100181F7A /* Network.swift */,
			);
			path = API;
			sourceTree = "<group>";
		};
		AF39E2A22AB98238009F96D4 = {
			isa = PBXGroup;
			children = (
				AF39E2AD2AB98238009F96D4 /* CoreData-SwiftUI */,
				AF39E2AC2AB98238009F96D4 /* Products */,
			);
			sourceTree = "<group>";
		};
		AF39E2AC2AB98238009F96D4 /* Products */ = {
			isa = PBXGroup;
			children = (
				AF39E2AB2AB98238009F96D4 /* CoreData-SwiftUI.app */,
			);
			name = Products;
			sourceTree = "<group>";
		};
		AF39E2AD2AB98238009F96D4 /* CoreData-SwiftUI */ = {
			isa = PBXGroup;
			children = (
				5B0368182ABEDC9B001DE41F /* ViewModel */,
				5B0368152ABEDAE1001DE41F /* Model */,
				5BDB50442ABC29AA00181F7A /* API */,
				5B8D66A42AB9953900B91E97 /* CoreData */,
				AF39E2C12AB98367009F96D4 /* Info.plist */,
				AF39E2AE2AB98238009F96D4 /* CoreData_SwiftUIApp.swift */,
				5BDB503F2ABC1B0300181F7A /* SplashScreenView.swift */,
				AF39E2B02AB98238009F96D4 /* CollegeFromView.swift */,
				5BDB503D2ABB33B300181F7A /* StateCityView.swift */,
				AF39E2B22AB9823B009F96D4 /* Assets.xcassets */,
				AF39E2B42AB9823B009F96D4 /* Preview Content */,
			);
			path = "CoreData-SwiftUI";
			sourceTree = "<group>";
		};
		AF39E2B42AB9823B009F96D4 /* Preview Content */ = {
			isa = PBXGroup;
			children = (
				AF39E2B52AB9823B009F96D4 /* Preview Assets.xcassets */,
			);
			path = "Preview Content";
			sourceTree = "<group>";
		};
/* End PBXGroup section */

/* Begin PBXNativeTarget section */
		AF39E2AA2AB98238009F96D4 /* CoreData-SwiftUI */ = {
			isa = PBXNativeTarget;
			buildConfigurationList = AF39E2BE2AB9823B009F96D4 /* Build configuration list for PBXNativeTarget "CoreData-SwiftUI" */;
			buildPhases = (
				AF39E2A72AB98238009F96D4 /* Sources */,
				AF39E2A82AB98238009F96D4 /* Frameworks */,
				AF39E2A92AB98238009F96D4 /* Resources */,
			);
			buildRules = (
			);
			dependencies = (
			);
			name = "CoreData-SwiftUI";
			productName = "CoreData-SwiftUI";
			productReference = AF39E2AB2AB98238009F96D4 /* CoreData-SwiftUI.app */;
			productType = "com.apple.product-type.application";
		};
/* End PBXNativeTarget section */

/* Begin PBXProject section */
		AF39E2A32AB98238009F96D4 /* Project object */ = {
			isa = PBXProject;
			attributes = {
				BuildIndependentTargetsInParallel = 1;
				LastSwiftUpdateCheck = 1420;
				LastUpgradeCheck = 1420;
				TargetAttributes = {
					AF39E2AA2AB98238009F96D4 = {
						CreatedOnToolsVersion = 14.2;
					};
				};
			};
			buildConfigurationList = AF39E2A62AB98238009F96D4 /* Build configuration list for PBXProject "CoreData-SwiftUI" */;
			compatibilityVersion = "Xcode 14.0";
			developmentRegion = en;
			hasScannedForEncodings = 0;
			knownRegions = (
				en,
				Base,
			);
			mainGroup = AF39E2A22AB98238009F96D4;
			productRefGroup = AF39E2AC2AB98238009F96D4 /* Products */;
			projectDirPath = "";
			projectRoot = "";
			targets = (
				AF39E2AA2AB98238009F96D4 /* CoreData-SwiftUI */,
			);
		};
/* End PBXProject section */

/* Begin PBXResourcesBuildPhase section */
		AF39E2A92AB98238009F96D4 /* Resources */ = {
			isa = PBXResourcesBuildPhase;
			buildActionMask = 2147483647;
			files = (
				AF39E2B62AB9823B009F96D4 /* Preview Assets.xcassets in Resources */,
				AF39E2B32AB9823B009F96D4 /* Assets.xcassets in Resources */,
			);
			runOnlyForDeploymentPostprocessing = 0;
		};
/* End PBXResourcesBuildPhase section */

/* Begin PBXSourcesBuildPhase section */
		AF39E2A72AB98238009F96D4 /* Sources */ = {
			isa = PBXSourcesBuildPhase;
			buildActionMask = 2147483647;
			files = (
				5BDB50402ABC1B0300181F7A /* SplashScreenView.swift in Sources */,
				5B8D66A62AB9955700B91E97 /* CoreDataHelper.swift in Sources */,
				5BDB50462ABC29B100181F7A /* Network.swift in Sources */,
				AF39E2B82AB9823B009F96D4 /* Persistence.swift in Sources */,
				5BDB503E2ABB33B300181F7A /* StateCityView.swift in Sources */,
				AF39E2B12AB98238009F96D4 /* CollegeFromView.swift in Sources */,
				5B0368172ABEDB12001DE41F /* Cities.swift in Sources */,
				AF39E2BB2AB9823B009F96D4 /* CoreData_SwiftUI.xcdatamodeld in Sources */,
				AF39E2AF2AB98238009F96D4 /* CoreData_SwiftUIApp.swift in Sources */,
				5B03681A2ABEDCAB001DE41F /* CitiesViewModel.swift in Sources */,
			);
			runOnlyForDeploymentPostprocessing = 0;
		};
/* End PBXSourcesBuildPhase section */

/* Begin XCBuildConfiguration section */
		AF39E2BC2AB9823B009F96D4 /* Debug */ = {
			isa = XCBuildConfiguration;
			buildSettings = {
				ALWAYS_SEARCH_USER_PATHS = NO;
				CLANG_ANALYZER_NONNULL = YES;
				CLANG_ANALYZER_NUMBER_OBJECT_CONVERSION = YES_AGGRESSIVE;
				CLANG_CXX_LANGUAGE_STANDARD = "gnu++20";
				CLANG_ENABLE_MODULES = YES;
				CLANG_ENABLE_OBJC_ARC = YES;
				CLANG_ENABLE_OBJC_WEAK = YES;
				CLANG_WARN_BLOCK_CAPTURE_AUTORELEASING = YES;
				CLANG_WARN_BOOL_CONVERSION = YES;
				CLANG_WARN_COMMA = YES;
				CLANG_WARN_CONSTANT_CONVERSION = YES;
				CLANG_WARN_DEPRECATED_OBJC_IMPLEMENTATIONS = YES;
				CLANG_WARN_DIRECT_OBJC_ISA_USAGE = YES_ERROR;
				CLANG_WARN_DOCUMENTATION_COMMENTS = YES;
				CLANG_WARN_EMPTY_BODY = YES;
				CLANG_WARN_ENUM_CONVERSION = YES;
				CLANG_WARN_INFINITE_RECURSION = YES;
				CLANG_WARN_INT_CONVERSION = YES;
				CLANG_WARN_NON_LITERAL_NULL_CONVERSION = YES;
				CLANG_WARN_OBJC_IMPLICIT_RETAIN_SELF = YES;
				CLANG_WARN_OBJC_LITERAL_CONVERSION = YES;
				CLANG_WARN_OBJC_ROOT_CLASS = YES_ERROR;
				CLANG_WARN_QUOTED_INCLUDE_IN_FRAMEWORK_HEADER = YES;
				CLANG_WARN_RANGE_LOOP_ANALYSIS = YES;
				CLANG_WARN_STRICT_PROTOTYPES = YES;
				CLANG_WARN_SUSPICIOUS_MOVE = YES;
				CLANG_WARN_UNGUARDED_AVAILABILITY = YES_AGGRESSIVE;
				CLANG_WARN_UNREACHABLE_CODE = YES;
				CLANG_WARN__DUPLICATE_METHOD_MATCH = YES;
				COPY_PHASE_STRIP = NO;
				DEBUG_INFORMATION_FORMAT = dwarf;
				ENABLE_STRICT_OBJC_MSGSEND = YES;
				ENABLE_TESTABILITY = YES;
				GCC_C_LANGUAGE_STANDARD = gnu11;
				GCC_DYNAMIC_NO_PIC = NO;
				GCC_NO_COMMON_BLOCKS = YES;
				GCC_OPTIMIZATION_LEVEL = 0;
				GCC_PREPROCESSOR_DEFINITIONS = (
					"DEBUG=1",
					"$(inherited)",
				);
				GCC_WARN_64_TO_32_BIT_CONVERSION = YES;
				GCC_WARN_ABOUT_RETURN_TYPE = YES_ERROR;
				GCC_WARN_UNDECLARED_SELECTOR = YES;
				GCC_WARN_UNINITIALIZED_AUTOS = YES_AGGRESSIVE;
				GCC_WARN_UNUSED_FUNCTION = YES;
				GCC_WARN_UNUSED_VARIABLE = YES;
				IPHONEOS_DEPLOYMENT_TARGET = 14.0;
				MTL_ENABLE_DEBUG_INFO = INCLUDE_SOURCE;
				MTL_FAST_MATH = YES;
				ONLY_ACTIVE_ARCH = YES;
				SDKROOT = iphoneos;
				SWIFT_ACTIVE_COMPILATION_CONDITIONS = DEBUG;
				SWIFT_OPTIMIZATION_LEVEL = "-Onone";
			};
			name = Debug;
		};
		AF39E2BD2AB9823B009F96D4 /* Release */ = {
			isa = XCBuildConfiguration;
			buildSettings = {
				ALWAYS_SEARCH_USER_PATHS = NO;
				CLANG_ANALYZER_NONNULL = YES;
				CLANG_ANALYZER_NUMBER_OBJECT_CONVERSION = YES_AGGRESSIVE;
				CLANG_CXX_LANGUAGE_STANDARD = "gnu++20";
				CLANG_ENABLE_MODULES = YES;
				CLANG_ENABLE_OBJC_ARC = YES;
				CLANG_ENABLE_OBJC_WEAK = YES;
				CLANG_WARN_BLOCK_CAPTURE_AUTORELEASING = YES;
				CLANG_WARN_BOOL_CONVERSION = YES;
				CLANG_WARN_COMMA = YES;
				CLANG_WARN_CONSTANT_CONVERSION = YES;
				CLANG_WARN_DEPRECATED_OBJC_IMPLEMENTATIONS = YES;
				CLANG_WARN_DIRECT_OBJC_ISA_USAGE = YES_ERROR;
				CLANG_WARN_DOCUMENTATION_COMMENTS = YES;
				CLANG_WARN_EMPTY_BODY = YES;
				CLANG_WARN_ENUM_CONVERSION = YES;
				CLANG_WARN_INFINITE_RECURSION = YES;
				CLANG_WARN_INT_CONVERSION = YES;
				CLANG_WARN_NON_LITERAL_NULL_CONVERSION = YES;
				CLANG_WARN_OBJC_IMPLICIT_RETAIN_SELF = YES;
				CLANG_WARN_OBJC_LITERAL_CONVERSION = YES;
				CLANG_WARN_OBJC_ROOT_CLASS = YES_ERROR;
				CLANG_WARN_QUOTED_INCLUDE_IN_FRAMEWORK_HEADER = YES;
				CLANG_WARN_RANGE_LOOP_ANALYSIS = YES;
				CLANG_WARN_STRICT_PROTOTYPES = YES;
				CLANG_WARN_SUSPICIOUS_MOVE = YES;
				CLANG_WARN_UNGUARDED_AVAILABILITY = YES_AGGRESSIVE;
				CLANG_WARN_UNREACHABLE_CODE = YES;
				CLANG_WARN__DUPLICATE_METHOD_MATCH = YES;
				COPY_PHASE_STRIP = NO;
				DEBUG_INFORMATION_FORMAT = "dwarf-with-dsym";
				ENABLE_NS_ASSERTIONS = NO;
				ENABLE_STRICT_OBJC_MSGSEND = YES;
				GCC_C_LANGUAGE_STANDARD = gnu11;
				GCC_NO_COMMON_BLOCKS = YES;
				GCC_WARN_64_TO_32_BIT_CONVERSION = YES;
				GCC_WARN_ABOUT_RETURN_TYPE = YES_ERROR;
				GCC_WARN_UNDECLARED_SELECTOR = YES;
				GCC_WARN_UNINITIALIZED_AUTOS = YES_AGGRESSIVE;
				GCC_WARN_UNUSED_FUNCTION = YES;
				GCC_WARN_UNUSED_VARIABLE = YES;
				IPHONEOS_DEPLOYMENT_TARGET = 14.0;
				MTL_ENABLE_DEBUG_INFO = NO;
				MTL_FAST_MATH = YES;
				SDKROOT = iphoneos;
				SWIFT_COMPILATION_MODE = wholemodule;
				SWIFT_OPTIMIZATION_LEVEL = "-O";
				VALIDATE_PRODUCT = YES;
			};
			name = Release;
		};
		AF39E2BF2AB9823B009F96D4 /* Debug */ = {
			isa = XCBuildConfiguration;
			buildSettings = {
				ASSETCATALOG_COMPILER_APPICON_NAME = AppIcon;
				ASSETCATALOG_COMPILER_GLOBAL_ACCENT_COLOR_NAME = AccentColor;
				CODE_SIGN_STYLE = Automatic;
				CURRENT_PROJECT_VERSION = 1;
				DEVELOPMENT_ASSET_PATHS = "\"CoreData-SwiftUI/Preview Content\"";
				DEVELOPMENT_TEAM = 2T8ZX7X76S;
				ENABLE_PREVIEWS = YES;
				GENERATE_INFOPLIST_FILE = YES;
				INFOPLIST_FILE = "CoreData-SwiftUI/Info.plist";
				INFOPLIST_KEY_UIApplicationSceneManifest_Generation = YES;
				INFOPLIST_KEY_UIApplicationSupportsIndirectInputEvents = YES;
				INFOPLIST_KEY_UILaunchScreen_Generation = YES;
				INFOPLIST_KEY_UISupportedInterfaceOrientations_iPad = "UIInterfaceOrientationPortrait UIInterfaceOrientationPortraitUpsideDown UIInterfaceOrientationLandscapeLeft UIInterfaceOrientationLandscapeRight";
				INFOPLIST_KEY_UISupportedInterfaceOrientations_iPhone = "UIInterfaceOrientationPortrait UIInterfaceOrientationLandscapeLeft UIInterfaceOrientationLandscapeRight";
				IPHONEOS_DEPLOYMENT_TARGET = 14.0;
				LD_RUNPATH_SEARCH_PATHS = (
					"$(inherited)",
					"@executable_path/Frameworks",
				);
				MARKETING_VERSION = 1.0;
				PRODUCT_BUNDLE_IDENTIFIER = com.coredata.ios;
				PRODUCT_NAME = "$(TARGET_NAME)";
				SUPPORTED_PLATFORMS = "iphoneos iphonesimulator";
				SUPPORTS_MACCATALYST = NO;
				SUPPORTS_MAC_DESIGNED_FOR_IPHONE_IPAD = NO;
				SWIFT_EMIT_LOC_STRINGS = YES;
				SWIFT_VERSION = 5.0;
				TARGETED_DEVICE_FAMILY = 1;
			};
			name = Debug;
		};
		AF39E2C02AB9823B009F96D4 /* Release */ = {
			isa = XCBuildConfiguration;
			buildSettings = {
				ASSETCATALOG_COMPILER_APPICON_NAME = AppIcon;
				ASSETCATALOG_COMPILER_GLOBAL_ACCENT_COLOR_NAME = AccentColor;
				CODE_SIGN_STYLE = Automatic;
				CURRENT_PROJECT_VERSION = 1;
				DEVELOPMENT_ASSET_PATHS = "\"CoreData-SwiftUI/Preview Content\"";
				DEVELOPMENT_TEAM = 2T8ZX7X76S;
				ENABLE_PREVIEWS = YES;
				GENERATE_INFOPLIST_FILE = YES;
				INFOPLIST_FILE = "CoreData-SwiftUI/Info.plist";
				INFOPLIST_KEY_UIApplicationSceneManifest_Generation = YES;
				INFOPLIST_KEY_UIApplicationSupportsIndirectInputEvents = YES;
				INFOPLIST_KEY_UILaunchScreen_Generation = YES;
				INFOPLIST_KEY_UISupportedInterfaceOrientations_iPad = "UIInterfaceOrientationPortrait UIInterfaceOrientationPortraitUpsideDown UIInterfaceOrientationLandscapeLeft UIInterfaceOrientationLandscapeRight";
				INFOPLIST_KEY_UISupportedInterfaceOrientations_iPhone = "UIInterfaceOrientationPortrait UIInterfaceOrientationLandscapeLeft UIInterfaceOrientationLandscapeRight";
				IPHONEOS_DEPLOYMENT_TARGET = 14.0;
				LD_RUNPATH_SEARCH_PATHS = (
					"$(inherited)",
					"@executable_path/Frameworks",
				);
				MARKETING_VERSION = 1.0;
				PRODUCT_BUNDLE_IDENTIFIER = com.coredata.ios;
				PRODUCT_NAME = "$(TARGET_NAME)";
				SUPPORTED_PLATFORMS = "iphoneos iphonesimulator";
				SUPPORTS_MACCATALYST = NO;
				SUPPORTS_MAC_DESIGNED_FOR_IPHONE_IPAD = NO;
				SWIFT_EMIT_LOC_STRINGS = YES;
				SWIFT_VERSION = 5.0;
				TARGETED_DEVICE_FAMILY = 1;
			};
			name = Release;
		};
/* End XCBuildConfiguration section */

/* Begin XCConfigurationList section */
		AF39E2A62AB98238009F96D4 /* Build configuration list for PBXProject "CoreData-SwiftUI" */ = {
			isa = XCConfigurationList;
			buildConfigurations = (
				AF39E2BC2AB9823B009F96D4 /* Debug */,
				AF39E2BD2AB9823B009F96D4 /* Release */,
			);
			defaultConfigurationIsVisible = 0;
			defaultConfigurationName = Release;
		};
		AF39E2BE2AB9823B009F96D4 /* Build configuration list for PBXNativeTarget "CoreData-SwiftUI" */ = {
			isa = XCConfigurationList;
			buildConfigurations = (
				AF39E2BF2AB9823B009F96D4 /* Debug */,
				AF39E2C02AB9823B009F96D4 /* Release */,
			);
			defaultConfigurationIsVisible = 0;
			defaultConfigurationName = Release;
		};
/* End XCConfigurationList section */

/* Begin XCVersionGroup section */
		AF39E2B92AB9823B009F96D4 /* CoreData_SwiftUI.xcdatamodeld */ = {
			isa = XCVersionGroup;
			children = (
				AF39E2BA2AB9823B009F96D4 /* CoreData_SwiftUI.xcdatamodel */,
			);
			currentVersion = AF39E2BA2AB9823B009F96D4 /* CoreData_SwiftUI.xcdatamodel */;
			path = CoreData_SwiftUI.xcdatamodeld;
			sourceTree = "<group>";
			versionGroupType = wrapper.xcdatamodel;
		};
/* End XCVersionGroup section */
	};
	rootObject = AF39E2A32AB98238009F96D4 /* Project object */;
}
